
Microsoft Visual Studio Solution File, Format Version 12.00
# Visual Studio 15
Project("{FAE04EC0-301F-11D3-BF4B-00C04F79EFBC}") = "HelloWorld", "HelloWorld\HelloWorld.csproj", "{EEFA4CBD-C2F9-44CB-85DA-7744452ABAF7}"
EndProject
Global
	GlobalSection(SolutionConfigurationPlatforms) = preSolution
		Debug|Any CPU = Debug|Any CPU
		Release|Any CPU = Release|Any CPU
	EndGlobalSection
	GlobalSection(ProjectConfigurationPlatforms) = postSolution
		{EEFA4CBD-C2F9-44CB-85DA-7744452ABAF7}.Debug|Any CPU.ActiveCfg = Debug|Any CPU
		{EEFA4CBD-C2F9-44CB-85DA-7744452ABAF7}.Debug|Any CPU.Build.0 = Debug|Any CPU
		{EEFA4CBD-C2F9-44CB-85DA-7744452ABAF7}.Release|Any CPU.ActiveCfg = Release|Any CPU
		{EEFA4CBD-C2F9-44CB-85DA-7744452ABAF7}.Release|Any CPU.Build.0 = Release|Any CPU
	EndGlobalSection
EndGlobal
